// !$*UTF8*$!
{
	archiveVersion = 1;
	classes = {
	};
	objectVersion = 46;
	objects = {

/* Begin PBXBuildFile section */
		60477F7A1CBCF4C000B1EE90 /* AppDelegate.swift in Sources */ = {isa = PBXBuildFile; fileRef = 60477F791CBCF4C000B1EE90 /* AppDelegate.swift */; };
		60477F7C1CBCF4C000B1EE90 /* ViewController.swift in Sources */ = {isa = PBXBuildFile; fileRef = 60477F7B1CBCF4C000B1EE90 /* ViewController.swift */; };
		60477F7F1CBCF4C000B1EE90 /* Main.storyboard in Resources */ = {isa = PBXBuildFile; fileRef = 60477F7D1CBCF4C000B1EE90 /* Main.storyboard */; };
		60477F811CBCF4C000B1EE90 /* Assets.xcassets in Resources */ = {isa = PBXBuildFile; fileRef = 60477F801CBCF4C000B1EE90 /* Assets.xcassets */; };
		60477F841CBCF4C000B1EE90 /* LaunchScreen.storyboard in Resources */ = {isa = PBXBuildFile; fileRef = 60477F821CBCF4C000B1EE90 /* LaunchScreen.storyboard */; };
		6085304D1CBE23DB008A14B0 /* RatingControl.swift in Sources */ = {isa = PBXBuildFile; fileRef = 6085304C1CBE23DB008A14B0 /* RatingControl.swift */; };
		608530511CBE36E6008A14B0 /* emptyStar.png in Resources */ = {isa = PBXBuildFile; fileRef = 6085304F1CBE36E6008A14B0 /* emptyStar.png */; };
		608530521CBE36E6008A14B0 /* filledStar.png in Resources */ = {isa = PBXBuildFile; fileRef = 608530501CBE36E6008A14B0 /* filledStar.png */; };
/* End PBXBuildFile section */

/* Begin PBXFileReference section */
		60477F761CBCF4C000B1EE90 /* FoodTracker.app */ = {isa = PBXFileReference; explicitFileType = wrapper.application; includeInIndex = 0; path = FoodTracker.app; sourceTree = BUILT_PRODUCTS_DIR; };
		60477F791CBCF4C000B1EE90 /* AppDelegate.swift */ = {isa = PBXFileReference; lastKnownFileType = sourcecode.swift; path = AppDelegate.swift; sourceTree = "<group>"; };
		60477F7B1CBCF4C000B1EE90 /* ViewController.swift */ = {isa = PBXFileReference; lastKnownFileType = sourcecode.swift; path = ViewController.swift; sourceTree = "<group>"; };
		60477F7E1CBCF4C000B1EE90 /* Base */ = {isa = PBXFileReference; lastKnownFileType = file.storyboard; name = Base; path = Base.lproj/Main.storyboard; sourceTree = "<group>"; };
		60477F801CBCF4C000B1EE90 /* Assets.xcassets */ = {isa = PBXFileReference; lastKnownFileType = folder.assetcatalog; path = Assets.xcassets; sourceTree = "<group>"; };
		60477F831CBCF4C000B1EE90 /* Base */ = {isa = PBXFileReference; lastKnownFileType = file.storyboard; name = Base; path = Base.lproj/LaunchScreen.storyboard; sourceTree = "<group>"; };
		60477F851CBCF4C000B1EE90 /* Info.plist */ = {isa = PBXFileReference; lastKnownFileType = text.plist.xml; path = Info.plist; sourceTree = "<group>"; };
		6085304C1CBE23DB008A14B0 /* RatingControl.swift */ = {isa = PBXFileReference; fileEncoding = 4; lastKnownFileType = sourcecode.swift; path = RatingControl.swift; sourceTree = "<group>"; };
		6085304F1CBE36E6008A14B0 /* emptyStar.png */ = {isa = PBXFileReference; lastKnownFileType = image.png; path = emptyStar.png; sourceTree = "<group>"; };
		608530501CBE36E6008A14B0 /* filledStar.png */ = {isa = PBXFileReference; lastKnownFileType = image.png; path = filledStar.png; sourceTree = "<group>"; };
/* End PBXFileReference section */

/* Begin PBXFrameworksBuildPhase section */
		60477F731CBCF4C000B1EE90 /* Frameworks */ = {
			isa = PBXFrameworksBuildPhase;
			buildActionMask = 2147483647;
			files = (
			);
			runOnlyForDeploymentPostprocessing = 0;
		};
/* End PBXFrameworksBuildPhase section */

/* Begin PBXGroup section */
		60477F6D1CBCF4C000B1EE90 = {
			isa = PBXGroup;
			children = (
				60477F781CBCF4C000B1EE90 /* FoodTracker */,
				60477F771CBCF4C000B1EE90 /* Products */,
			);
			sourceTree = "<group>";
		};
		60477F771CBCF4C000B1EE90 /* Products */ = {
			isa = PBXGroup;
			children = (
				60477F761CBCF4C000B1EE90 /* FoodTracker.app */,
			);
			name = Products;
			sourceTree = "<group>";
		};
		60477F781CBCF4C000B1EE90 /* FoodTracker */ = {
			isa = PBXGroup;
			children = (
				6085304E1CBE3681008A14B0 /* images */,
				60477F791CBCF4C000B1EE90 /* AppDelegate.swift */,
				6085304C1CBE23DB008A14B0 /* RatingControl.swift */,
				60477F7B1CBCF4C000B1EE90 /* ViewController.swift */,
				60477F7D1CBCF4C000B1EE90 /* Main.storyboard */,
				60477F801CBCF4C000B1EE90 /* Assets.xcassets */,
				60477F821CBCF4C000B1EE90 /* LaunchScreen.storyboard */,
				60477F851CBCF4C000B1EE90 /* Info.plist */,
			);
			path = FoodTracker;
			sourceTree = "<group>";
		};
		6085304E1CBE3681008A14B0 /* images */ = {
			isa = PBXGroup;
			children = (
				6085304F1CBE36E6008A14B0 /* emptyStar.png */,
				608530501CBE36E6008A14B0 /* filledStar.png */,
			);
			name = images;
			sourceTree = "<group>";
		};
/* End PBXGroup section */

/* Begin PBXNativeTarget section */
		60477F751CBCF4C000B1EE90 /* FoodTracker */ = {
			isa = PBXNativeTarget;
			buildConfigurationList = 60477F881CBCF4C000B1EE90 /* Build configuration list for PBXNativeTarget "FoodTracker" */;
			buildPhases = (
				60477F721CBCF4C000B1EE90 /* Sources */,
				60477F731CBCF4C000B1EE90 /* Frameworks */,
				60477F741CBCF4C000B1EE90 /* Resources */,
			);
			buildRules = (
			);
			dependencies = (
			);
			name = FoodTracker;
			productName = FoodTracker;
			productReference = 60477F761CBCF4C000B1EE90 /* FoodTracker.app */;
			productType = "com.apple.product-type.application";
		};
/* End PBXNativeTarget section */

/* Begin PBXProject section */
		60477F6E1CBCF4C000B1EE90 /* Project object */ = {
			isa = PBXProject;
			attributes = {
				LastSwiftUpdateCheck = 0710;
				LastUpgradeCheck = 0710;
				ORGANIZATIONNAME = BanVien;
				TargetAttributes = {
					60477F751CBCF4C000B1EE90 = {
						CreatedOnToolsVersion = 7.1.1;
					};
				};
			};
			buildConfigurationList = 60477F711CBCF4C000B1EE90 /* Build configuration list for PBXProject "FoodTracker" */;
			compatibilityVersion = "Xcode 3.2";
			developmentRegion = English;
			hasScannedForEncodings = 0;
			knownRegions = (
				en,
				Base,
			);
			mainGroup = 60477F6D1CBCF4C000B1EE90;
			productRefGroup = 60477F771CBCF4C000B1EE90 /* Products */;
			projectDirPath = "";
			projectRoot = "";
			targets = (
				60477F751CBCF4C000B1EE90 /* FoodTracker */,
			);
		};
/* End PBXProject section */

/* Begin PBXResourcesBuildPhase section */
		60477F741CBCF4C000B1EE90 /* Resources */ = {
			isa = PBXResourcesBuildPhase;
			buildActionMask = 2147483647;
			files = (
				60477F841CBCF4C000B1EE90 /* LaunchScreen.storyboard in Resources */,
				608530511CBE36E6008A14B0 /* emptyStar.png in Resources */,
				60477F811CBCF4C000B1EE90 /* Assets.xcassets in Resources */,
				60477F7F1CBCF4C000B1EE90 /* Main.storyboard in Resources */,
				608530521CBE36E6008A14B0 /* filledStar.png in Resources */,
			);
			runOnlyForDeploymentPostprocessing = 0;
		};
/* End PBXResourcesBuildPhase section */

/* Begin PBXSourcesBuildPhase section */
		60477F721CBCF4C000B1EE90 /* Sources */ = {
			isa = PBXSourcesBuildPhase;
			buildActionMask = 2147483647;
			files = (
				60477F7C1CBCF4C000B1EE90 /* ViewController.swift in Sources */,
				6085304D1CBE23DB008A14B0 /* RatingControl.swift in Sources */,
				60477F7A1CBCF4C000B1EE90 /* AppDelegate.swift in Sources */,
			);
			runOnlyForDeploymentPostprocessing = 0;
		};
/* End PBXSourcesBuildPhase section */

/* Begin PBXVariantGroup section */
		60477F7D1CBCF4C000B1EE90 /* Main.storyboard */ = {
			isa = PBXVariantGroup;
			children = (
				60477F7E1CBCF4C000B1EE90 /* Base */,
			);
			name = Main.storyboard;
			sourceTree = "<group>";
		};
		60477F821CBCF4C000B1EE90 /* LaunchScreen.storyboard */ = {
			isa = PBXVariantGroup;
			children = (
				60477F831CBCF4C000B1EE90 /* Base */,
			);
			name = LaunchScreen.storyboard;
			sourceTree = "<group>";
		};
/* End PBXVariantGroup section */

/* Begin XCBuildConfiguration section */
		60477F861CBCF4C000B1EE90 /* Debug */ = {
			isa = XCBuildConfiguration;
			buildSettings = {
				ALWAYS_SEARCH_USER_PATHS = NO;
				CLANG_CXX_LANGUAGE_STANDARD = "gnu++0x";
				CLANG_CXX_LIBRARY = "libc++";
				CLANG_ENABLE_MODULES = YES;
				CLANG_ENABLE_OBJC_ARC = YES;
				CLANG_WARN_BOOL_CONVERSION = YES;
				CLANG_WARN_CONSTANT_CONVERSION = YES;
				CLANG_WARN_DIRECT_OBJC_ISA_USAGE = YES_ERROR;
				CLANG_WARN_EMPTY_BODY = YES;
				CLANG_WARN_ENUM_CONVERSION = YES;
				CLANG_WARN_INT_CONVERSION = YES;
				CLANG_WARN_OBJC_ROOT_CLASS = YES_ERROR;
				CLANG_WARN_UNREACHABLE_CODE = YES;
				CLANG_WARN__DUPLICATE_METHOD_MATCH = YES;
				"CODE_SIGN_IDENTITY[sdk=iphoneos*]" = "iPhone Developer";
				COPY_PHASE_STRIP = NO;
				DEBUG_INFORMATION_FORMAT = dwarf;
				ENABLE_STRICT_OBJC_MSGSEND = YES;
				ENABLE_TESTABILITY = YES;
				GCC_C_LANGUAGE_STANDARD = gnu99;
				GCC_DYNAMIC_NO_PIC = NO;
				GCC_NO_COMMON_BLOCKS = YES;
				GCC_OPTIMIZATION_LEVEL = 0;
				GCC_PREPROCESSOR_DEFINITIONS = (
					"DEBUG=1",
					"$(inherited)",
				);
				GCC_WARN_64_TO_32_BIT_CONVERSION = YES;
				GCC_WARN_ABOUT_RETURN_TYPE = YES_ERROR;
				GCC_WARN_UNDECLARED_SELECTOR = YES;
				GCC_WARN_UNINITIALIZED_AUTOS = YES_AGGRESSIVE;
				GCC_WARN_UNUSED_FUNCTION = YES;
				GCC_WARN_UNUSED_VARIABLE = YES;
				IPHONEOS_DEPLOYMENT_TARGET = 9.1;
				MTL_ENABLE_DEBUG_INFO = YES;
				ONLY_ACTIVE_ARCH = YES;
				SDKROOT = iphoneos;
				SWIFT_OPTIMIZATION_LEVEL = "-Onone";
				TARGETED_DEVICE_FAMILY = "1,2";
			};
			name = Debug;
		};
		60477F871CBCF4C000B1EE90 /* Release */ = {
			isa = XCBuildConfiguration;
			buildSettings = {
				ALWAYS_SEARCH_USER_PATHS = NO;
				CLANG_CXX_LANGUAGE_STANDARD = "gnu++0x";
				CLANG_CXX_LIBRARY = "libc++";
				CLANG_ENABLE_MODULES = YES;
				CLANG_ENABLE_OBJC_ARC = YES;
				CLANG_WARN_BOOL_CONVERSION = YES;
				CLANG_WARN_CONSTANT_CONVERSION = YES;
				CLANG_WARN_DIRECT_OBJC_ISA_USAGE = YES_ERROR;
				CLANG_WARN_EMPTY_BODY = YES;
				CLANG_WARN_ENUM_CONVERSION = YES;
				CLANG_WARN_INT_CONVERSION = YES;
				CLANG_WARN_OBJC_ROOT_CLASS = YES_ERROR;
				CLANG_WARN_UNREACHABLE_CODE = YES;
				CLANG_WARN__DUPLICATE_METHOD_MATCH = YES;
				"CODE_SIGN_IDENTITY[sdk=iphoneos*]" = "iPhone Developer";
				COPY_PHASE_STRIP = NO;
				DEBUG_INFORMATION_FORMAT = "dwarf-with-dsym";
				ENABLE_NS_ASSERTIONS = NO;
				ENABLE_STRICT_OBJC_MSGSEND = YES;
				GCC_C_LANGUAGE_STANDARD = gnu99;
				GCC_NO_COMMON_BLOCKS = YES;
				GCC_WARN_64_TO_32_BIT_CONVERSION = YES;
				GCC_WARN_ABOUT_RETURN_TYPE = YES_ERROR;
				GCC_WARN_UNDECLARED_SELECTOR = YES;
				GCC_WARN_UNINITIALIZED_AUTOS = YES_AGGRESSIVE;
				GCC_WARN_UNUSED_FUNCTION = YES;
				GCC_WARN_UNUSED_VARIABLE = YES;
				IPHONEOS_DEPLOYMENT_TARGET = 9.1;
				MTL_ENABLE_DEBUG_INFO = NO;
				SDKROOT = iphoneos;
				TARGETED_DEVICE_FAMILY = "1,2";
				VALIDATE_PRODUCT = YES;
			};
			name = Release;
		};
		60477F891CBCF4C000B1EE90 /* Debug */ = {
			isa = XCBuildConfiguration;
			buildSettings = {
				ASSETCATALOG_COMPILER_APPICON_NAME = AppIcon;
				INFOPLIST_FILE = FoodTracker/Info.plist;
				LD_RUNPATH_SEARCH_PATHS = "$(inherited) @executable_path/Frameworks";
				PRODUCT_BUNDLE_IDENTIFIER = com.banvien.FoodTracker;
				PRODUCT_NAME = "$(TARGET_NAME)";
			};
			name = Debug;
		};
		60477F8A1CBCF4C000B1EE90 /* Release */ = {
			isa = XCBuildConfiguration;
			buildSettings = {
				ASSETCATALOG_COMPILER_APPICON_NAME = AppIcon;
				INFOPLIST_FILE = FoodTracker/Info.plist;
				LD_RUNPATH_SEARCH_PATHS = "$(inherited) @executable_path/Frameworks";
				PRODUCT_BUNDLE_IDENTIFIER = com.banvien.FoodTracker;
				PRODUCT_NAME = "$(TARGET_NAME)";
			};
			name = Release;
		};
/* End XCBuildConfiguration section */

/* Begin XCConfigurationList section */
		60477F711CBCF4C000B1EE90 /* Build configuration list for PBXProject "FoodTracker" */ = {
			isa = XCConfigurationList;
			buildConfigurations = (
				60477F861CBCF4C000B1EE90 /* Debug */,
				60477F871CBCF4C000B1EE90 /* Release */,
			);
			defaultConfigurationIsVisible = 0;
			defaultConfigurationName = Release;
		};
		60477F881CBCF4C000B1EE90 /* Build configuration list for PBXNativeTarget "FoodTracker" */ = {
			isa = XCConfigurationList;
			buildConfigurations = (
				60477F891CBCF4C000B1EE90 /* Debug */,
				60477F8A1CBCF4C000B1EE90 /* Release */,
			);
			defaultConfigurationIsVisible = 0;
			defaultConfigurationName = Release;
		};
/* End XCConfigurationList section */
	};
	rootObject = 60477F6E1CBCF4C000B1EE90 /* Project object */;
}
